
Microsoft Visual Studio Solution File, Format Version 12.00
# Visual Studio 15
VisualStudioVersion = 15.0.28307.1433
MinimumVisualStudioVersion = 10.0.40219.1
Project("{FAE04EC0-301F-11D3-BF4B-00C04F79EFBC}") = "Dungeon", "..\Dungeon\Dungeon.csproj", "{C7328BA8-FAF3-4644-9978-2F0FBC7FEE94}"
EndProject
Global
	GlobalSection(SolutionConfigurationPlatforms) = preSolution
		Debug|Any CPU = Debug|Any CPU
		Release|Any CPU = Release|Any CPU
	EndGlobalSection
	GlobalSection(ProjectConfigurationPlatforms) = postSolution
		{C7328BA8-FAF3-4644-9978-2F0FBC7FEE94}.Debug|Any CPU.ActiveCfg = Debug|Any CPU
		{C7328BA8-FAF3-4644-9978-2F0FBC7FEE94}.Debug|Any CPU.Build.0 = Debug|Any CPU
		{C7328BA8-FAF3-4644-9978-2F0FBC7FEE94}.Release|Any CPU.ActiveCfg = Release|Any CPU
		{C7328BA8-FAF3-4644-9978-2F0FBC7FEE94}.Release|Any CPU.Build.0 = Release|Any CPU
	EndGlobalSection
	GlobalSection(SolutionProperties) = preSolution
		HideSolutionNode = FALSE
	EndGlobalSection
	GlobalSection(ExtensibilityGlobals) = postSolution
		SolutionGuid = {BA4B14AC-E542-4B42-944B-C72D1BE4537D}
	EndGlobalSection
EndGlobal
